// !$*UTF8*$!
{
	archiveVersion = 1;
	classes = {
	};
	objectVersion = 46;
	objects = {

/* Begin PBXBuildFile section */
		3C17F5F3150302D0001B7838 /* PendingTransactionsViewController.m in Sources */ = {isa = PBXBuildFile; fileRef = 3C17F5F2150302CF001B7838 /* PendingTransactionsViewController.m */; };
		3C17F5FA15030654001B7838 /* Bill.m in Sources */ = {isa = PBXBuildFile; fileRef = 3C17F5F915030654001B7838 /* Bill.m */; };
		3C38161915019FD500145C2D /* SignUpViewController.m in Sources */ = {isa = PBXBuildFile; fileRef = 3C38161815019FD500145C2D /* SignUpViewController.m */; };
		3C742C281501AC100022F37B /* Settings.bundle in Resources */ = {isa = PBXBuildFile; fileRef = 3C742C271501AC100022F37B /* Settings.bundle */; };
		3C742C621501F46C0022F37B /* libRestKit.a in Frameworks */ = {isa = PBXBuildFile; fileRef = 3C742C591501F4190022F37B /* libRestKit.a */; };
		3C742C701501F8DE0022F37B /* users.json in Resources */ = {isa = PBXBuildFile; fileRef = 3C742C6F1501F8DE0022F37B /* users.json */; };
		3C742C731501FD800022F37B /* SimpleMoney.xcdatamodeld in Sources */ = {isa = PBXBuildFile; fileRef = 3C742C711501FD800022F37B /* SimpleMoney.xcdatamodeld */; };
		3C742D2115020D000022F37B /* User.m in Sources */ = {isa = PBXBuildFile; fileRef = 3C742D2015020D000022F37B /* User.m */; };
		8611AA1A14FDFE03009184D7 /* CFNetwork.framework in Frameworks */ = {isa = PBXBuildFile; fileRef = 8611AA1914FDFE03009184D7 /* CFNetwork.framework */; };
		8611AA1C14FDFE0F009184D7 /* CoreData.framework in Frameworks */ = {isa = PBXBuildFile; fileRef = 8611AA1B14FDFE0F009184D7 /* CoreData.framework */; };
		8611AA1E14FDFE16009184D7 /* MobileCoreServices.framework in Frameworks */ = {isa = PBXBuildFile; fileRef = 8611AA1D14FDFE16009184D7 /* MobileCoreServices.framework */; };
		8611AA2014FDFE1E009184D7 /* Security.framework in Frameworks */ = {isa = PBXBuildFile; fileRef = 8611AA1F14FDFE1E009184D7 /* Security.framework */; };
		8611AA2214FDFE2A009184D7 /* SystemConfiguration.framework in Frameworks */ = {isa = PBXBuildFile; fileRef = 8611AA2114FDFE2A009184D7 /* SystemConfiguration.framework */; };
		8611AA2614FDFE3E009184D7 /* libxml2.dylib in Frameworks */ = {isa = PBXBuildFile; fileRef = 8611AA2514FDFE3E009184D7 /* libxml2.dylib */; };
		8611AA8014FE08BA009184D7 /* libzbar.a in Frameworks */ = {isa = PBXBuildFile; fileRef = 8611AA7A14FE08BA009184D7 /* libzbar.a */; };
		8611AA8114FE08BA009184D7 /* zbar-back.png in Resources */ = {isa = PBXBuildFile; fileRef = 8611AA7C14FE08BA009184D7 /* zbar-back.png */; };
		8611AA8214FE08BA009184D7 /* zbar-help.html in Resources */ = {isa = PBXBuildFile; fileRef = 8611AA7D14FE08BA009184D7 /* zbar-help.html */; };
		8611AA8314FE08BA009184D7 /* zbar-helpicons.png in Resources */ = {isa = PBXBuildFile; fileRef = 8611AA7E14FE08BA009184D7 /* zbar-helpicons.png */; };
		8611AA8414FE08BA009184D7 /* zbar-samples.png in Resources */ = {isa = PBXBuildFile; fileRef = 8611AA7F14FE08BA009184D7 /* zbar-samples.png */; };
		8611AA8614FE08FE009184D7 /* AVFoundation.framework in Frameworks */ = {isa = PBXBuildFile; fileRef = 8611AA8514FE08FE009184D7 /* AVFoundation.framework */; settings = {ATTRIBUTES = (Required, ); }; };
		8611AA8814FE0959009184D7 /* CoreMedia.framework in Frameworks */ = {isa = PBXBuildFile; fileRef = 8611AA8714FE0959009184D7 /* CoreMedia.framework */; };
		8611AA8A14FE0982009184D7 /* CoreVideo.framework in Frameworks */ = {isa = PBXBuildFile; fileRef = 8611AA8914FE0982009184D7 /* CoreVideo.framework */; };
		8611AA8B14FE098B009184D7 /* QuartzCore.framework in Frameworks */ = {isa = PBXBuildFile; fileRef = 8611AA2314FDFE32009184D7 /* QuartzCore.framework */; };
		8611AA8D14FE0994009184D7 /* libiconv.dylib in Frameworks */ = {isa = PBXBuildFile; fileRef = 8611AA8C14FE0994009184D7 /* libiconv.dylib */; };
		8611AA9314FE0C36009184D7 /* SigninViewController.m in Sources */ = {isa = PBXBuildFile; fileRef = 8611AA9214FE0C36009184D7 /* SigninViewController.m */; };
		86E7CEEE14FDE092002A0D81 /* CoreLocation.framework in Frameworks */ = {isa = PBXBuildFile; fileRef = 86E7CEED14FDE092002A0D81 /* CoreLocation.framework */; };
		86E7CEF114FDE966002A0D81 /* MapKit.framework in Frameworks */ = {isa = PBXBuildFile; fileRef = 86E7CEF014FDE966002A0D81 /* MapKit.framework */; };
		86FC493F14FD8CA90079C921 /* UIKit.framework in Frameworks */ = {isa = PBXBuildFile; fileRef = 86FC493E14FD8CA90079C921 /* UIKit.framework */; };
		86FC494114FD8CA90079C921 /* Foundation.framework in Frameworks */ = {isa = PBXBuildFile; fileRef = 86FC494014FD8CA90079C921 /* Foundation.framework */; };
		86FC494314FD8CA90079C921 /* CoreGraphics.framework in Frameworks */ = {isa = PBXBuildFile; fileRef = 86FC494214FD8CA90079C921 /* CoreGraphics.framework */; };
		86FC494914FD8CA90079C921 /* InfoPlist.strings in Resources */ = {isa = PBXBuildFile; fileRef = 86FC494714FD8CA90079C921 /* InfoPlist.strings */; };
		86FC494B14FD8CA90079C921 /* main.m in Sources */ = {isa = PBXBuildFile; fileRef = 86FC494A14FD8CA90079C921 /* main.m */; };
		86FC494F14FD8CA90079C921 /* HermesAppDelegate.m in Sources */ = {isa = PBXBuildFile; fileRef = 86FC494E14FD8CA90079C921 /* HermesAppDelegate.m */; };
		86FC495214FD8CA90079C921 /* MainStoryboard_iPhone.storyboard in Resources */ = {isa = PBXBuildFile; fileRef = 86FC495014FD8CA90079C921 /* MainStoryboard_iPhone.storyboard */; };
		86FC495514FD8CA90079C921 /* MainStoryboard_iPad.storyboard in Resources */ = {isa = PBXBuildFile; fileRef = 86FC495314FD8CA90079C921 /* MainStoryboard_iPad.storyboard */; };
		86FC495814FD8CA90079C921 /* HermesViewController.m in Sources */ = {isa = PBXBuildFile; fileRef = 86FC495714FD8CA90079C921 /* HermesViewController.m */; };
		86FC496014FD8CA90079C921 /* SenTestingKit.framework in Frameworks */ = {isa = PBXBuildFile; fileRef = 86FC495F14FD8CA90079C921 /* SenTestingKit.framework */; };
		86FC496114FD8CA90079C921 /* UIKit.framework in Frameworks */ = {isa = PBXBuildFile; fileRef = 86FC493E14FD8CA90079C921 /* UIKit.framework */; };
		86FC496214FD8CA90079C921 /* Foundation.framework in Frameworks */ = {isa = PBXBuildFile; fileRef = 86FC494014FD8CA90079C921 /* Foundation.framework */; };
		86FC496A14FD8CA90079C921 /* InfoPlist.strings in Resources */ = {isa = PBXBuildFile; fileRef = 86FC496814FD8CA90079C921 /* InfoPlist.strings */; };
		86FC496D14FD8CA90079C921 /* Hermes2Tests.m in Sources */ = {isa = PBXBuildFile; fileRef = 86FC496C14FD8CA90079C921 /* Hermes2Tests.m */; };
		86FC498714FD8FE90079C921 /* history.png in Resources */ = {isa = PBXBuildFile; fileRef = 86FC498214FD8FE90079C921 /* history.png */; };
		86FC498814FD8FE90079C921 /* localDeals.png in Resources */ = {isa = PBXBuildFile; fileRef = 86FC498314FD8FE90079C921 /* localDeals.png */; };
		86FC498914FD8FE90079C921 /* pendingTransactions.png in Resources */ = {isa = PBXBuildFile; fileRef = 86FC498414FD8FE90079C921 /* pendingTransactions.png */; };
		86FC498A14FD8FE90079C921 /* sendMoney.png in Resources */ = {isa = PBXBuildFile; fileRef = 86FC498514FD8FE90079C921 /* sendMoney.png */; };
		86FC498B14FD8FE90079C921 /* sendMoney2.png in Resources */ = {isa = PBXBuildFile; fileRef = 86FC498614FD8FE90079C921 /* sendMoney2.png */; };
		86FC498E14FDC77E0079C921 /* HermesQuickPayController.m in Sources */ = {isa = PBXBuildFile; fileRef = 86FC498D14FDC77E0079C921 /* HermesQuickPayController.m */; };
		86FC499114FDCA520079C921 /* HermesSendMoneyViewController.m in Sources */ = {isa = PBXBuildFile; fileRef = 86FC499014FDCA520079C921 /* HermesSendMoneyViewController.m */; };
		86FC499414FDCAE80079C921 /* HermesRequestMoneyViewController.m in Sources */ = {isa = PBXBuildFile; fileRef = 86FC499314FDCAE80079C921 /* HermesRequestMoneyViewController.m */; };
		86FC499714FDCB300079C921 /* HermesLocalDealsViewController.m in Sources */ = {isa = PBXBuildFile; fileRef = 86FC499614FDCB300079C921 /* HermesLocalDealsViewController.m */; };
/* End PBXBuildFile section */

/* Begin PBXContainerItemProxy section */
		3C742C581501F4190022F37B /* PBXContainerItemProxy */ = {
			isa = PBXContainerItemProxy;
			containerPortal = 3C742C4E1501F4190022F37B /* RestKit.xcodeproj */;
			proxyType = 2;
			remoteGlobalIDString = 25160D1614564E810060A5C5;
			remoteInfo = RestKit;
		};
		3C742C5A1501F4190022F37B /* PBXContainerItemProxy */ = {
			isa = PBXContainerItemProxy;
			containerPortal = 3C742C4E1501F4190022F37B /* RestKit.xcodeproj */;
			proxyType = 2;
			remoteGlobalIDString = 25160D2614564E820060A5C5;
			remoteInfo = RestKitTests;
		};
		3C742C5C1501F4190022F37B /* PBXContainerItemProxy */ = {
			isa = PBXContainerItemProxy;
			containerPortal = 3C742C4E1501F4190022F37B /* RestKit.xcodeproj */;
			proxyType = 2;
			remoteGlobalIDString = 25160E62145651060060A5C5;
			remoteInfo = RestKitFramework;
		};
		3C742C5E1501F4190022F37B /* PBXContainerItemProxy */ = {
			isa = PBXContainerItemProxy;
			containerPortal = 3C742C4E1501F4190022F37B /* RestKit.xcodeproj */;
			proxyType = 2;
			remoteGlobalIDString = 25160E78145651060060A5C5;
			remoteInfo = RestKitFrameworkTests;
		};
		3C742C601501F45D0022F37B /* PBXContainerItemProxy */ = {
			isa = PBXContainerItemProxy;
			containerPortal = 3C742C4E1501F4190022F37B /* RestKit.xcodeproj */;
			proxyType = 1;
			remoteGlobalIDString = 25160D1514564E810060A5C5;
			remoteInfo = RestKit;
		};
		86FC496314FD8CA90079C921 /* PBXContainerItemProxy */ = {
			isa = PBXContainerItemProxy;
			containerPortal = 86FC493114FD8CA90079C921 /* Project object */;
			proxyType = 1;
			remoteGlobalIDString = 86FC493914FD8CA90079C921;
			remoteInfo = Hermes2;
		};
/* End PBXContainerItemProxy section */

/* Begin PBXFileReference section */
		3C17F5F1150302CF001B7838 /* PendingTransactionsViewController.h */ = {isa = PBXFileReference; fileEncoding = 4; lastKnownFileType = sourcecode.c.h; path = PendingTransactionsViewController.h; sourceTree = "<group>"; };
		3C17F5F2150302CF001B7838 /* PendingTransactionsViewController.m */ = {isa = PBXFileReference; fileEncoding = 4; lastKnownFileType = sourcecode.c.objc; path = PendingTransactionsViewController.m; sourceTree = "<group>"; };
		3C17F5F815030654001B7838 /* Bill.h */ = {isa = PBXFileReference; fileEncoding = 4; lastKnownFileType = sourcecode.c.h; path = Bill.h; sourceTree = "<group>"; };
		3C17F5F915030654001B7838 /* Bill.m */ = {isa = PBXFileReference; fileEncoding = 4; lastKnownFileType = sourcecode.c.objc; path = Bill.m; sourceTree = "<group>"; };
		3C38161715019FD500145C2D /* SignUpViewController.h */ = {isa = PBXFileReference; fileEncoding = 4; lastKnownFileType = sourcecode.c.h; path = SignUpViewController.h; sourceTree = "<group>"; };
		3C38161815019FD500145C2D /* SignUpViewController.m */ = {isa = PBXFileReference; fileEncoding = 4; lastKnownFileType = sourcecode.c.objc; path = SignUpViewController.m; sourceTree = "<group>"; };
		3C742C271501AC100022F37B /* Settings.bundle */ = {isa = PBXFileReference; lastKnownFileType = "wrapper.plug-in"; name = Settings.bundle; path = ../Settings.bundle; sourceTree = "<group>"; };
		3C742C4E1501F4190022F37B /* RestKit.xcodeproj */ = {isa = PBXFileReference; lastKnownFileType = "wrapper.pb-project"; name = RestKit.xcodeproj; path = RestKit/RestKit.xcodeproj; sourceTree = "<group>"; };
		3C742C6F1501F8DE0022F37B /* users.json */ = {isa = PBXFileReference; fileEncoding = 4; lastKnownFileType = text.json; path = users.json; sourceTree = "<group>"; };
		3C742C721501FD800022F37B /* SimpleMoney.xcdatamodel */ = {isa = PBXFileReference; lastKnownFileType = wrapper.xcdatamodel; path = SimpleMoney.xcdatamodel; sourceTree = "<group>"; };
		3C742D17150206AA0022F37B /* Hermes2 copy-Info.plist */ = {isa = PBXFileReference; lastKnownFileType = text.plist.xml; name = "Hermes2 copy-Info.plist"; path = "/Users/apang42/Projects/simpleMoney/Hermes2 copy-Info.plist"; sourceTree = "<absolute>"; };
		3C742D1F15020D000022F37B /* User.h */ = {isa = PBXFileReference; fileEncoding = 4; lastKnownFileType = sourcecode.c.h; path = User.h; sourceTree = "<group>"; };
		3C742D2015020D000022F37B /* User.m */ = {isa = PBXFileReference; fileEncoding = 4; lastKnownFileType = sourcecode.c.objc; path = User.m; sourceTree = "<group>"; };
		8611AA1914FDFE03009184D7 /* CFNetwork.framework */ = {isa = PBXFileReference; lastKnownFileType = wrapper.framework; name = CFNetwork.framework; path = System/Library/Frameworks/CFNetwork.framework; sourceTree = SDKROOT; };
		8611AA1B14FDFE0F009184D7 /* CoreData.framework */ = {isa = PBXFileReference; lastKnownFileType = wrapper.framework; name = CoreData.framework; path = System/Library/Frameworks/CoreData.framework; sourceTree = SDKROOT; };
		8611AA1D14FDFE16009184D7 /* MobileCoreServices.framework */ = {isa = PBXFileReference; lastKnownFileType = wrapper.framework; name = MobileCoreServices.framework; path = System/Library/Frameworks/MobileCoreServices.framework; sourceTree = SDKROOT; };
		8611AA1F14FDFE1E009184D7 /* Security.framework */ = {isa = PBXFileReference; lastKnownFileType = wrapper.framework; name = Security.framework; path = System/Library/Frameworks/Security.framework; sourceTree = SDKROOT; };
		8611AA2114FDFE2A009184D7 /* SystemConfiguration.framework */ = {isa = PBXFileReference; lastKnownFileType = wrapper.framework; name = SystemConfiguration.framework; path = System/Library/Frameworks/SystemConfiguration.framework; sourceTree = SDKROOT; };
		8611AA2314FDFE32009184D7 /* QuartzCore.framework */ = {isa = PBXFileReference; lastKnownFileType = wrapper.framework; name = QuartzCore.framework; path = System/Library/Frameworks/QuartzCore.framework; sourceTree = SDKROOT; };
		8611AA2514FDFE3E009184D7 /* libxml2.dylib */ = {isa = PBXFileReference; lastKnownFileType = "compiled.mach-o.dylib"; name = libxml2.dylib; path = usr/lib/libxml2.dylib; sourceTree = SDKROOT; };
		8611AA6614FE08BA009184D7 /* Decoder.h */ = {isa = PBXFileReference; fileEncoding = 4; lastKnownFileType = sourcecode.c.h; path = Decoder.h; sourceTree = "<group>"; };
		8611AA6714FE08BA009184D7 /* Exception.h */ = {isa = PBXFileReference; fileEncoding = 4; lastKnownFileType = sourcecode.c.h; path = Exception.h; sourceTree = "<group>"; };
		8611AA6814FE08BA009184D7 /* Image.h */ = {isa = PBXFileReference; fileEncoding = 4; lastKnownFileType = sourcecode.c.h; path = Image.h; sourceTree = "<group>"; };
		8611AA6914FE08BA009184D7 /* ImageScanner.h */ = {isa = PBXFileReference; fileEncoding = 4; lastKnownFileType = sourcecode.c.h; path = ImageScanner.h; sourceTree = "<group>"; };
		8611AA6A14FE08BA009184D7 /* Processor.h */ = {isa = PBXFileReference; fileEncoding = 4; lastKnownFileType = sourcecode.c.h; path = Processor.h; sourceTree = "<group>"; };
		8611AA6B14FE08BA009184D7 /* Scanner.h */ = {isa = PBXFileReference; fileEncoding = 4; lastKnownFileType = sourcecode.c.h; path = Scanner.h; sourceTree = "<group>"; };
		8611AA6C14FE08BA009184D7 /* Symbol.h */ = {isa = PBXFileReference; fileEncoding = 4; lastKnownFileType = sourcecode.c.h; path = Symbol.h; sourceTree = "<group>"; };
		8611AA6D14FE08BA009184D7 /* Video.h */ = {isa = PBXFileReference; fileEncoding = 4; lastKnownFileType = sourcecode.c.h; path = Video.h; sourceTree = "<group>"; };
		8611AA6E14FE08BA009184D7 /* Window.h */ = {isa = PBXFileReference; fileEncoding = 4; lastKnownFileType = sourcecode.c.h; path = Window.h; sourceTree = "<group>"; };
		8611AA6F14FE08BA009184D7 /* zbar.h */ = {isa = PBXFileReference; fileEncoding = 4; lastKnownFileType = sourcecode.c.h; path = zbar.h; sourceTree = "<group>"; };
		8611AA7014FE08BA009184D7 /* ZBarCameraSimulator.h */ = {isa = PBXFileReference; fileEncoding = 4; lastKnownFileType = sourcecode.c.h; path = ZBarCameraSimulator.h; sourceTree = "<group>"; };
		8611AA7114FE08BA009184D7 /* ZBarCaptureReader.h */ = {isa = PBXFileReference; fileEncoding = 4; lastKnownFileType = sourcecode.c.h; path = ZBarCaptureReader.h; sourceTree = "<group>"; };
		8611AA7214FE08BA009184D7 /* ZBarHelpController.h */ = {isa = PBXFileReference; fileEncoding = 4; lastKnownFileType = sourcecode.c.h; path = ZBarHelpController.h; sourceTree = "<group>"; };
		8611AA7314FE08BA009184D7 /* ZBarImage.h */ = {isa = PBXFileReference; fileEncoding = 4; lastKnownFileType = sourcecode.c.h; path = ZBarImage.h; sourceTree = "<group>"; };
		8611AA7414FE08BA009184D7 /* ZBarImageScanner.h */ = {isa = PBXFileReference; fileEncoding = 4; lastKnownFileType = sourcecode.c.h; path = ZBarImageScanner.h; sourceTree = "<group>"; };
		8611AA7514FE08BA009184D7 /* ZBarReaderController.h */ = {isa = PBXFileReference; fileEncoding = 4; lastKnownFileType = sourcecode.c.h; path = ZBarReaderController.h; sourceTree = "<group>"; };
		8611AA7614FE08BA009184D7 /* ZBarReaderView.h */ = {isa = PBXFileReference; fileEncoding = 4; lastKnownFileType = sourcecode.c.h; path = ZBarReaderView.h; sourceTree = "<group>"; };
		8611AA7714FE08BA009184D7 /* ZBarReaderViewController.h */ = {isa = PBXFileReference; fileEncoding = 4; lastKnownFileType = sourcecode.c.h; path = ZBarReaderViewController.h; sourceTree = "<group>"; };
		8611AA7814FE08BA009184D7 /* ZBarSDK.h */ = {isa = PBXFileReference; fileEncoding = 4; lastKnownFileType = sourcecode.c.h; path = ZBarSDK.h; sourceTree = "<group>"; };
		8611AA7914FE08BA009184D7 /* ZBarSymbol.h */ = {isa = PBXFileReference; fileEncoding = 4; lastKnownFileType = sourcecode.c.h; path = ZBarSymbol.h; sourceTree = "<group>"; };
		8611AA7A14FE08BA009184D7 /* libzbar.a */ = {isa = PBXFileReference; lastKnownFileType = archive.ar; path = libzbar.a; sourceTree = "<group>"; };
		8611AA7C14FE08BA009184D7 /* zbar-back.png */ = {isa = PBXFileReference; lastKnownFileType = image.png; path = "zbar-back.png"; sourceTree = "<group>"; };
		8611AA7D14FE08BA009184D7 /* zbar-help.html */ = {isa = PBXFileReference; fileEncoding = 4; lastKnownFileType = text.html; path = "zbar-help.html"; sourceTree = "<group>"; };
		8611AA7E14FE08BA009184D7 /* zbar-helpicons.png */ = {isa = PBXFileReference; lastKnownFileType = image.png; path = "zbar-helpicons.png"; sourceTree = "<group>"; };
		8611AA7F14FE08BA009184D7 /* zbar-samples.png */ = {isa = PBXFileReference; lastKnownFileType = image.png; path = "zbar-samples.png"; sourceTree = "<group>"; };
		8611AA8514FE08FE009184D7 /* AVFoundation.framework */ = {isa = PBXFileReference; lastKnownFileType = wrapper.framework; name = AVFoundation.framework; path = System/Library/Frameworks/AVFoundation.framework; sourceTree = SDKROOT; };
		8611AA8714FE0959009184D7 /* CoreMedia.framework */ = {isa = PBXFileReference; lastKnownFileType = wrapper.framework; name = CoreMedia.framework; path = System/Library/Frameworks/CoreMedia.framework; sourceTree = SDKROOT; };
		8611AA8914FE0982009184D7 /* CoreVideo.framework */ = {isa = PBXFileReference; lastKnownFileType = wrapper.framework; name = CoreVideo.framework; path = System/Library/Frameworks/CoreVideo.framework; sourceTree = SDKROOT; };
		8611AA8C14FE0994009184D7 /* libiconv.dylib */ = {isa = PBXFileReference; lastKnownFileType = "compiled.mach-o.dylib"; name = libiconv.dylib; path = usr/lib/libiconv.dylib; sourceTree = SDKROOT; };
		8611AA9114FE0C36009184D7 /* SigninViewController.h */ = {isa = PBXFileReference; fileEncoding = 4; lastKnownFileType = sourcecode.c.h; path = SigninViewController.h; sourceTree = "<group>"; };
		8611AA9214FE0C36009184D7 /* SigninViewController.m */ = {isa = PBXFileReference; fileEncoding = 4; lastKnownFileType = sourcecode.c.objc; path = SigninViewController.m; sourceTree = "<group>"; };
		86E7CEED14FDE092002A0D81 /* CoreLocation.framework */ = {isa = PBXFileReference; lastKnownFileType = wrapper.framework; name = CoreLocation.framework; path = System/Library/Frameworks/CoreLocation.framework; sourceTree = SDKROOT; };
		86E7CEF014FDE966002A0D81 /* MapKit.framework */ = {isa = PBXFileReference; lastKnownFileType = wrapper.framework; name = MapKit.framework; path = System/Library/Frameworks/MapKit.framework; sourceTree = SDKROOT; };
		86FC493A14FD8CA90079C921 /* Hermes2.app */ = {isa = PBXFileReference; explicitFileType = wrapper.application; includeInIndex = 0; path = Hermes2.app; sourceTree = BUILT_PRODUCTS_DIR; };
		86FC493E14FD8CA90079C921 /* UIKit.framework */ = {isa = PBXFileReference; lastKnownFileType = wrapper.framework; name = UIKit.framework; path = System/Library/Frameworks/UIKit.framework; sourceTree = SDKROOT; };
		86FC494014FD8CA90079C921 /* Foundation.framework */ = {isa = PBXFileReference; lastKnownFileType = wrapper.framework; name = Foundation.framework; path = System/Library/Frameworks/Foundation.framework; sourceTree = SDKROOT; };
		86FC494214FD8CA90079C921 /* CoreGraphics.framework */ = {isa = PBXFileReference; lastKnownFileType = wrapper.framework; name = CoreGraphics.framework; path = System/Library/Frameworks/CoreGraphics.framework; sourceTree = SDKROOT; };
		86FC494614FD8CA90079C921 /* Hermes2-Info.plist */ = {isa = PBXFileReference; lastKnownFileType = text.plist.xml; path = "Hermes2-Info.plist"; sourceTree = "<group>"; };
		86FC494814FD8CA90079C921 /* en */ = {isa = PBXFileReference; lastKnownFileType = text.plist.strings; name = en; path = en.lproj/InfoPlist.strings; sourceTree = "<group>"; };
		86FC494A14FD8CA90079C921 /* main.m */ = {isa = PBXFileReference; lastKnownFileType = sourcecode.c.objc; path = main.m; sourceTree = "<group>"; };
		86FC494C14FD8CA90079C921 /* Hermes2-Prefix.pch */ = {isa = PBXFileReference; lastKnownFileType = sourcecode.c.h; path = "Hermes2-Prefix.pch"; sourceTree = "<group>"; };
		86FC494D14FD8CA90079C921 /* HermesAppDelegate.h */ = {isa = PBXFileReference; lastKnownFileType = sourcecode.c.h; path = HermesAppDelegate.h; sourceTree = "<group>"; };
		86FC494E14FD8CA90079C921 /* HermesAppDelegate.m */ = {isa = PBXFileReference; lastKnownFileType = sourcecode.c.objc; path = HermesAppDelegate.m; sourceTree = "<group>"; };
		86FC495114FD8CA90079C921 /* en */ = {isa = PBXFileReference; lastKnownFileType = file.storyboard; name = en; path = en.lproj/MainStoryboard_iPhone.storyboard; sourceTree = "<group>"; };
		86FC495414FD8CA90079C921 /* en */ = {isa = PBXFileReference; lastKnownFileType = file.storyboard; name = en; path = en.lproj/MainStoryboard_iPad.storyboard; sourceTree = "<group>"; };
		86FC495614FD8CA90079C921 /* HermesViewController.h */ = {isa = PBXFileReference; lastKnownFileType = sourcecode.c.h; path = HermesViewController.h; sourceTree = "<group>"; };
		86FC495714FD8CA90079C921 /* HermesViewController.m */ = {isa = PBXFileReference; lastKnownFileType = sourcecode.c.objc; path = HermesViewController.m; sourceTree = "<group>"; };
		86FC495E14FD8CA90079C921 /* Hermes2Tests.octest */ = {isa = PBXFileReference; explicitFileType = wrapper.cfbundle; includeInIndex = 0; path = Hermes2Tests.octest; sourceTree = BUILT_PRODUCTS_DIR; };
		86FC495F14FD8CA90079C921 /* SenTestingKit.framework */ = {isa = PBXFileReference; lastKnownFileType = wrapper.framework; name = SenTestingKit.framework; path = Library/Frameworks/SenTestingKit.framework; sourceTree = DEVELOPER_DIR; };
		86FC496714FD8CA90079C921 /* Hermes2Tests-Info.plist */ = {isa = PBXFileReference; lastKnownFileType = text.plist.xml; path = "Hermes2Tests-Info.plist"; sourceTree = "<group>"; };
		86FC496914FD8CA90079C921 /* en */ = {isa = PBXFileReference; lastKnownFileType = text.plist.strings; name = en; path = en.lproj/InfoPlist.strings; sourceTree = "<group>"; };
		86FC496B14FD8CA90079C921 /* Hermes2Tests.h */ = {isa = PBXFileReference; lastKnownFileType = sourcecode.c.h; path = Hermes2Tests.h; sourceTree = "<group>"; };
		86FC496C14FD8CA90079C921 /* Hermes2Tests.m */ = {isa = PBXFileReference; lastKnownFileType = sourcecode.c.objc; path = Hermes2Tests.m; sourceTree = "<group>"; };
		86FC498214FD8FE90079C921 /* history.png */ = {isa = PBXFileReference; lastKnownFileType = image.png; path = history.png; sourceTree = "<group>"; };
		86FC498314FD8FE90079C921 /* localDeals.png */ = {isa = PBXFileReference; lastKnownFileType = image.png; path = localDeals.png; sourceTree = "<group>"; };
		86FC498414FD8FE90079C921 /* pendingTransactions.png */ = {isa = PBXFileReference; lastKnownFileType = image.png; path = pendingTransactions.png; sourceTree = "<group>"; };
		86FC498514FD8FE90079C921 /* sendMoney.png */ = {isa = PBXFileReference; lastKnownFileType = image.png; path = sendMoney.png; sourceTree = "<group>"; };
		86FC498614FD8FE90079C921 /* sendMoney2.png */ = {isa = PBXFileReference; lastKnownFileType = image.png; path = sendMoney2.png; sourceTree = "<group>"; };
		86FC498C14FDC77E0079C921 /* HermesQuickPayController.h */ = {isa = PBXFileReference; fileEncoding = 4; lastKnownFileType = sourcecode.c.h; path = HermesQuickPayController.h; sourceTree = "<group>"; };
		86FC498D14FDC77E0079C921 /* HermesQuickPayController.m */ = {isa = PBXFileReference; fileEncoding = 4; lastKnownFileType = sourcecode.c.objc; path = HermesQuickPayController.m; sourceTree = "<group>"; };
		86FC498F14FDCA520079C921 /* HermesSendMoneyViewController.h */ = {isa = PBXFileReference; fileEncoding = 4; lastKnownFileType = sourcecode.c.h; path = HermesSendMoneyViewController.h; sourceTree = "<group>"; };
		86FC499014FDCA520079C921 /* HermesSendMoneyViewController.m */ = {isa = PBXFileReference; fileEncoding = 4; lastKnownFileType = sourcecode.c.objc; path = HermesSendMoneyViewController.m; sourceTree = "<group>"; };
		86FC499214FDCAE80079C921 /* HermesRequestMoneyViewController.h */ = {isa = PBXFileReference; fileEncoding = 4; lastKnownFileType = sourcecode.c.h; path = HermesRequestMoneyViewController.h; sourceTree = "<group>"; };
		86FC499314FDCAE80079C921 /* HermesRequestMoneyViewController.m */ = {isa = PBXFileReference; fileEncoding = 4; lastKnownFileType = sourcecode.c.objc; path = HermesRequestMoneyViewController.m; sourceTree = "<group>"; };
		86FC499514FDCB300079C921 /* HermesLocalDealsViewController.h */ = {isa = PBXFileReference; fileEncoding = 4; lastKnownFileType = sourcecode.c.h; path = HermesLocalDealsViewController.h; sourceTree = "<group>"; };
		86FC499614FDCB300079C921 /* HermesLocalDealsViewController.m */ = {isa = PBXFileReference; fileEncoding = 4; lastKnownFileType = sourcecode.c.objc; path = HermesLocalDealsViewController.m; sourceTree = "<group>"; };
/* End PBXFileReference section */

/* Begin PBXFrameworksBuildPhase section */
		86FC493714FD8CA90079C921 /* Frameworks */ = {
			isa = PBXFrameworksBuildPhase;
			buildActionMask = 2147483647;
			files = (
				8611AA2614FDFE3E009184D7 /* libxml2.dylib in Frameworks */,
				8611AA8B14FE098B009184D7 /* QuartzCore.framework in Frameworks */,
				8611AA2214FDFE2A009184D7 /* SystemConfiguration.framework in Frameworks */,
				8611AA2014FDFE1E009184D7 /* Security.framework in Frameworks */,
				8611AA1E14FDFE16009184D7 /* MobileCoreServices.framework in Frameworks */,
				8611AA1C14FDFE0F009184D7 /* CoreData.framework in Frameworks */,
				8611AA1A14FDFE03009184D7 /* CFNetwork.framework in Frameworks */,
				3C742C621501F46C0022F37B /* libRestKit.a in Frameworks */,
				8611AA8D14FE0994009184D7 /* libiconv.dylib in Frameworks */,
				8611AA8A14FE0982009184D7 /* CoreVideo.framework in Frameworks */,
				8611AA8814FE0959009184D7 /* CoreMedia.framework in Frameworks */,
				8611AA8614FE08FE009184D7 /* AVFoundation.framework in Frameworks */,
				86E7CEF114FDE966002A0D81 /* MapKit.framework in Frameworks */,
				86E7CEEE14FDE092002A0D81 /* CoreLocation.framework in Frameworks */,
				86FC493F14FD8CA90079C921 /* UIKit.framework in Frameworks */,
				86FC494114FD8CA90079C921 /* Foundation.framework in Frameworks */,
				86FC494314FD8CA90079C921 /* CoreGraphics.framework in Frameworks */,
				8611AA8014FE08BA009184D7 /* libzbar.a in Frameworks */,
			);
			runOnlyForDeploymentPostprocessing = 0;
		};
		86FC495A14FD8CA90079C921 /* Frameworks */ = {
			isa = PBXFrameworksBuildPhase;
			buildActionMask = 2147483647;
			files = (
				86FC496014FD8CA90079C921 /* SenTestingKit.framework in Frameworks */,
				86FC496114FD8CA90079C921 /* UIKit.framework in Frameworks */,
				86FC496214FD8CA90079C921 /* Foundation.framework in Frameworks */,
			);
			runOnlyForDeploymentPostprocessing = 0;
		};
/* End PBXFrameworksBuildPhase section */

/* Begin PBXGroup section */
		3C38161B1501A17600145C2D /* Helpers */ = {
			isa = PBXGroup;
			children = (
			);
			name = Helpers;
			sourceTree = "<group>";
		};
		3C742C4F1501F4190022F37B /* Products */ = {
			isa = PBXGroup;
			children = (
				3C742C591501F4190022F37B /* libRestKit.a */,
				3C742C5B1501F4190022F37B /* RestKitTests.octest */,
				3C742C5D1501F4190022F37B /* RestKit.framework */,
				3C742C5F1501F4190022F37B /* RestKitFrameworkTests.octest */,
			);
			name = Products;
			sourceTree = "<group>";
		};
		3CCAE20415015154003C82E1 /* Models */ = {
			isa = PBXGroup;
			children = (
				3C742C711501FD800022F37B /* SimpleMoney.xcdatamodeld */,
				3C17F5F815030654001B7838 /* Bill.h */,
				3C17F5F915030654001B7838 /* Bill.m */,
				3C742D1F15020D000022F37B /* User.h */,
				3C742D2015020D000022F37B /* User.m */,
			);
			name = Models;
			sourceTree = "<group>";
		};
		8611AA6214FE08BA009184D7 /* ZBarSDK */ = {
			isa = PBXGroup;
			children = (
				8611AA6314FE08BA009184D7 /* Headers */,
				8611AA7A14FE08BA009184D7 /* libzbar.a */,
				8611AA7B14FE08BA009184D7 /* Resources */,
			);
			path = ZBarSDK;
			sourceTree = "<group>";
		};
		8611AA6314FE08BA009184D7 /* Headers */ = {
			isa = PBXGroup;
			children = (
				8611AA6414FE08BA009184D7 /* ZBarSDK */,
			);
			path = Headers;
			sourceTree = "<group>";
		};
		8611AA6414FE08BA009184D7 /* ZBarSDK */ = {
			isa = PBXGroup;
			children = (
				8611AA6514FE08BA009184D7 /* zbar */,
				8611AA6F14FE08BA009184D7 /* zbar.h */,
				8611AA7014FE08BA009184D7 /* ZBarCameraSimulator.h */,
				8611AA7114FE08BA009184D7 /* ZBarCaptureReader.h */,
				8611AA7214FE08BA009184D7 /* ZBarHelpController.h */,
				8611AA7314FE08BA009184D7 /* ZBarImage.h */,
				8611AA7414FE08BA009184D7 /* ZBarImageScanner.h */,
				8611AA7514FE08BA009184D7 /* ZBarReaderController.h */,
				8611AA7614FE08BA009184D7 /* ZBarReaderView.h */,
				8611AA7714FE08BA009184D7 /* ZBarReaderViewController.h */,
				8611AA7814FE08BA009184D7 /* ZBarSDK.h */,
				8611AA7914FE08BA009184D7 /* ZBarSymbol.h */,
			);
			path = ZBarSDK;
			sourceTree = "<group>";
		};
		8611AA6514FE08BA009184D7 /* zbar */ = {
			isa = PBXGroup;
			children = (
				8611AA6614FE08BA009184D7 /* Decoder.h */,
				8611AA6714FE08BA009184D7 /* Exception.h */,
				8611AA6814FE08BA009184D7 /* Image.h */,
				8611AA6914FE08BA009184D7 /* ImageScanner.h */,
				8611AA6A14FE08BA009184D7 /* Processor.h */,
				8611AA6B14FE08BA009184D7 /* Scanner.h */,
				8611AA6C14FE08BA009184D7 /* Symbol.h */,
				8611AA6D14FE08BA009184D7 /* Video.h */,
				8611AA6E14FE08BA009184D7 /* Window.h */,
			);
			path = zbar;
			sourceTree = "<group>";
		};
		8611AA7B14FE08BA009184D7 /* Resources */ = {
			isa = PBXGroup;
			children = (
				8611AA7C14FE08BA009184D7 /* zbar-back.png */,
				8611AA7D14FE08BA009184D7 /* zbar-help.html */,
				8611AA7E14FE08BA009184D7 /* zbar-helpicons.png */,
				8611AA7F14FE08BA009184D7 /* zbar-samples.png */,
			);
			path = Resources;
			sourceTree = "<group>";
		};
		86FC492F14FD8CA90079C921 = {
			isa = PBXGroup;
			children = (
				3C742C4E1501F4190022F37B /* RestKit.xcodeproj */,
				86FC494414FD8CA90079C921 /* Hermes2 */,
				86FC496514FD8CA90079C921 /* Hermes2Tests */,
				86FC493D14FD8CA90079C921 /* Frameworks */,
				86FC493B14FD8CA90079C921 /* Products */,
				8611AA6214FE08BA009184D7 /* ZBarSDK */,
				3C742D17150206AA0022F37B /* Hermes2 copy-Info.plist */,
			);
			sourceTree = "<group>";
		};
		86FC493B14FD8CA90079C921 /* Products */ = {
			isa = PBXGroup;
			children = (
				86FC493A14FD8CA90079C921 /* Hermes2.app */,
				86FC495E14FD8CA90079C921 /* Hermes2Tests.octest */,
			);
			name = Products;
			sourceTree = "<group>";
		};
		86FC493D14FD8CA90079C921 /* Frameworks */ = {
			isa = PBXGroup;
			children = (
				8611AA8C14FE0994009184D7 /* libiconv.dylib */,
				8611AA2514FDFE3E009184D7 /* libxml2.dylib */,
				8611AA8914FE0982009184D7 /* CoreVideo.framework */,
				8611AA8714FE0959009184D7 /* CoreMedia.framework */,
				8611AA8514FE08FE009184D7 /* AVFoundation.framework */,
				8611AA2314FDFE32009184D7 /* QuartzCore.framework */,
				8611AA2114FDFE2A009184D7 /* SystemConfiguration.framework */,
				8611AA1F14FDFE1E009184D7 /* Security.framework */,
				8611AA1D14FDFE16009184D7 /* MobileCoreServices.framework */,
				8611AA1B14FDFE0F009184D7 /* CoreData.framework */,
				8611AA1914FDFE03009184D7 /* CFNetwork.framework */,
				86E7CEF014FDE966002A0D81 /* MapKit.framework */,
				86E7CEED14FDE092002A0D81 /* CoreLocation.framework */,
				86FC493E14FD8CA90079C921 /* UIKit.framework */,
				86FC494014FD8CA90079C921 /* Foundation.framework */,
				86FC494214FD8CA90079C921 /* CoreGraphics.framework */,
				86FC495F14FD8CA90079C921 /* SenTestingKit.framework */,
			);
			name = Frameworks;
			sourceTree = "<group>";
		};
		86FC494414FD8CA90079C921 /* Hermes2 */ = {
			isa = PBXGroup;
			children = (
				86FC494D14FD8CA90079C921 /* HermesAppDelegate.h */,
				86FC494E14FD8CA90079C921 /* HermesAppDelegate.m */,
				8611AA9114FE0C36009184D7 /* SigninViewController.h */,
				8611AA9214FE0C36009184D7 /* SigninViewController.m */,
				3C38161715019FD500145C2D /* SignUpViewController.h */,
				3C38161815019FD500145C2D /* SignUpViewController.m */,
				86FC495014FD8CA90079C921 /* MainStoryboard_iPhone.storyboard */,
				3C17F5F1150302CF001B7838 /* PendingTransactionsViewController.h */,
				3C17F5F2150302CF001B7838 /* PendingTransactionsViewController.m */,
				86FC498C14FDC77E0079C921 /* HermesQuickPayController.h */,
				86FC498D14FDC77E0079C921 /* HermesQuickPayController.m */,
				86FC498F14FDCA520079C921 /* HermesSendMoneyViewController.h */,
				86FC499014FDCA520079C921 /* HermesSendMoneyViewController.m */,
				86FC499214FDCAE80079C921 /* HermesRequestMoneyViewController.h */,
				86FC499314FDCAE80079C921 /* HermesRequestMoneyViewController.m */,
				86FC499514FDCB300079C921 /* HermesLocalDealsViewController.h */,
				86FC499614FDCB300079C921 /* HermesLocalDealsViewController.m */,
				86FC495314FD8CA90079C921 /* MainStoryboard_iPad.storyboard */,
				86FC495614FD8CA90079C921 /* HermesViewController.h */,
				86FC495714FD8CA90079C921 /* HermesViewController.m */,
				3C38161B1501A17600145C2D /* Helpers */,
				3CCAE20415015154003C82E1 /* Models */,
				86FC494514FD8CA90079C921 /* Supporting Files */,
			);
			path = Hermes2;
			sourceTree = "<group>";
		};
		86FC494514FD8CA90079C921 /* Supporting Files */ = {
			isa = PBXGroup;
			children = (
				3C742C6F1501F8DE0022F37B /* users.json */,
				3C742C271501AC100022F37B /* Settings.bundle */,
				86FC498214FD8FE90079C921 /* history.png */,
				86FC498314FD8FE90079C921 /* localDeals.png */,
				86FC498414FD8FE90079C921 /* pendingTransactions.png */,
				86FC498514FD8FE90079C921 /* sendMoney.png */,
				86FC498614FD8FE90079C921 /* sendMoney2.png */,
				86FC494614FD8CA90079C921 /* Hermes2-Info.plist */,
				86FC494714FD8CA90079C921 /* InfoPlist.strings */,
				86FC494A14FD8CA90079C921 /* main.m */,
				86FC494C14FD8CA90079C921 /* Hermes2-Prefix.pch */,
			);
			name = "Supporting Files";
			sourceTree = "<group>";
		};
		86FC496514FD8CA90079C921 /* Hermes2Tests */ = {
			isa = PBXGroup;
			children = (
				86FC496B14FD8CA90079C921 /* Hermes2Tests.h */,
				86FC496C14FD8CA90079C921 /* Hermes2Tests.m */,
				86FC496614FD8CA90079C921 /* Supporting Files */,
			);
			path = Hermes2Tests;
			sourceTree = "<group>";
		};
		86FC496614FD8CA90079C921 /* Supporting Files */ = {
			isa = PBXGroup;
			children = (
				86FC496714FD8CA90079C921 /* Hermes2Tests-Info.plist */,
				86FC496814FD8CA90079C921 /* InfoPlist.strings */,
			);
			name = "Supporting Files";
			sourceTree = "<group>";
		};
/* End PBXGroup section */

/* Begin PBXNativeTarget section */
		86FC493914FD8CA90079C921 /* Hermes2 */ = {
			isa = PBXNativeTarget;
			buildConfigurationList = 86FC497014FD8CA90079C921 /* Build configuration list for PBXNativeTarget "Hermes2" */;
			buildPhases = (
				86FC493614FD8CA90079C921 /* Sources */,
				86FC493714FD8CA90079C921 /* Frameworks */,
				86FC493814FD8CA90079C921 /* Resources */,
			);
			buildRules = (
			);
			dependencies = (
				3C742C611501F45D0022F37B /* PBXTargetDependency */,
			);
			name = Hermes2;
			productName = Hermes2;
			productReference = 86FC493A14FD8CA90079C921 /* Hermes2.app */;
			productType = "com.apple.product-type.application";
		};
		86FC495D14FD8CA90079C921 /* Hermes2Tests */ = {
			isa = PBXNativeTarget;
			buildConfigurationList = 86FC497314FD8CA90079C921 /* Build configuration list for PBXNativeTarget "Hermes2Tests" */;
			buildPhases = (
				86FC495914FD8CA90079C921 /* Sources */,
				86FC495A14FD8CA90079C921 /* Frameworks */,
				86FC495B14FD8CA90079C921 /* Resources */,
				86FC495C14FD8CA90079C921 /* ShellScript */,
			);
			buildRules = (
			);
			dependencies = (
				86FC496414FD8CA90079C921 /* PBXTargetDependency */,
			);
			name = Hermes2Tests;
			productName = Hermes2Tests;
			productReference = 86FC495E14FD8CA90079C921 /* Hermes2Tests.octest */;
			productType = "com.apple.product-type.bundle";
		};
/* End PBXNativeTarget section */

/* Begin PBXProject section */
		86FC493114FD8CA90079C921 /* Project object */ = {
			isa = PBXProject;
			attributes = {
				CLASSPREFIX = Hermes;
				LastUpgradeCheck = 0430;
			};
			buildConfigurationList = 86FC493414FD8CA90079C921 /* Build configuration list for PBXProject "Hermes2" */;
			compatibilityVersion = "Xcode 3.2";
			developmentRegion = English;
			hasScannedForEncodings = 0;
			knownRegions = (
				en,
			);
			mainGroup = 86FC492F14FD8CA90079C921;
			productRefGroup = 86FC493B14FD8CA90079C921 /* Products */;
			projectDirPath = "";
			projectReferences = (
				{
					ProductGroup = 3C742C4F1501F4190022F37B /* Products */;
					ProjectRef = 3C742C4E1501F4190022F37B /* RestKit.xcodeproj */;
				},
			);
			projectRoot = "";
			targets = (
				86FC493914FD8CA90079C921 /* Hermes2 */,
				86FC495D14FD8CA90079C921 /* Hermes2Tests */,
			);
		};
/* End PBXProject section */

/* Begin PBXReferenceProxy section */
		3C742C591501F4190022F37B /* libRestKit.a */ = {
			isa = PBXReferenceProxy;
			fileType = archive.ar;
			path = libRestKit.a;
			remoteRef = 3C742C581501F4190022F37B /* PBXContainerItemProxy */;
			sourceTree = BUILT_PRODUCTS_DIR;
		};
		3C742C5B1501F4190022F37B /* RestKitTests.octest */ = {
			isa = PBXReferenceProxy;
			fileType = wrapper.cfbundle;
			path = RestKitTests.octest;
			remoteRef = 3C742C5A1501F4190022F37B /* PBXContainerItemProxy */;
			sourceTree = BUILT_PRODUCTS_DIR;
		};
		3C742C5D1501F4190022F37B /* RestKit.framework */ = {
			isa = PBXReferenceProxy;
			fileType = wrapper.framework;
			path = RestKit.framework;
			remoteRef = 3C742C5C1501F4190022F37B /* PBXContainerItemProxy */;
			sourceTree = BUILT_PRODUCTS_DIR;
		};
		3C742C5F1501F4190022F37B /* RestKitFrameworkTests.octest */ = {
			isa = PBXReferenceProxy;
			fileType = wrapper.cfbundle;
			path = RestKitFrameworkTests.octest;
			remoteRef = 3C742C5E1501F4190022F37B /* PBXContainerItemProxy */;
			sourceTree = BUILT_PRODUCTS_DIR;
		};
/* End PBXReferenceProxy section */

/* Begin PBXResourcesBuildPhase section */
		86FC493814FD8CA90079C921 /* Resources */ = {
			isa = PBXResourcesBuildPhase;
			buildActionMask = 2147483647;
			files = (
				86FC494914FD8CA90079C921 /* InfoPlist.strings in Resources */,
				86FC495214FD8CA90079C921 /* MainStoryboard_iPhone.storyboard in Resources */,
				86FC495514FD8CA90079C921 /* MainStoryboard_iPad.storyboard in Resources */,
				86FC498714FD8FE90079C921 /* history.png in Resources */,
				86FC498814FD8FE90079C921 /* localDeals.png in Resources */,
				86FC498914FD8FE90079C921 /* pendingTransactions.png in Resources */,
				86FC498A14FD8FE90079C921 /* sendMoney.png in Resources */,
				86FC498B14FD8FE90079C921 /* sendMoney2.png in Resources */,
				8611AA8114FE08BA009184D7 /* zbar-back.png in Resources */,
				8611AA8214FE08BA009184D7 /* zbar-help.html in Resources */,
				8611AA8314FE08BA009184D7 /* zbar-helpicons.png in Resources */,
				8611AA8414FE08BA009184D7 /* zbar-samples.png in Resources */,
				3C742C281501AC100022F37B /* Settings.bundle in Resources */,
				3C742C701501F8DE0022F37B /* users.json in Resources */,
			);
			runOnlyForDeploymentPostprocessing = 0;
		};
		86FC495B14FD8CA90079C921 /* Resources */ = {
			isa = PBXResourcesBuildPhase;
			buildActionMask = 2147483647;
			files = (
				86FC496A14FD8CA90079C921 /* InfoPlist.strings in Resources */,
			);
			runOnlyForDeploymentPostprocessing = 0;
		};
/* End PBXResourcesBuildPhase section */

/* Begin PBXShellScriptBuildPhase section */
		86FC495C14FD8CA90079C921 /* ShellScript */ = {
			isa = PBXShellScriptBuildPhase;
			buildActionMask = 2147483647;
			files = (
			);
			inputPaths = (
			);
			outputPaths = (
			);
			runOnlyForDeploymentPostprocessing = 0;
			shellPath = /bin/sh;
			shellScript = "# Run the unit tests in this test bundle.\n\"${SYSTEM_DEVELOPER_DIR}/Tools/RunUnitTests\"\n";
		};
/* End PBXShellScriptBuildPhase section */

/* Begin PBXSourcesBuildPhase section */
		86FC493614FD8CA90079C921 /* Sources */ = {
			isa = PBXSourcesBuildPhase;
			buildActionMask = 2147483647;
			files = (
				86FC494B14FD8CA90079C921 /* main.m in Sources */,
				86FC494F14FD8CA90079C921 /* HermesAppDelegate.m in Sources */,
				86FC495814FD8CA90079C921 /* HermesViewController.m in Sources */,
				86FC498E14FDC77E0079C921 /* HermesQuickPayController.m in Sources */,
				86FC499114FDCA520079C921 /* HermesSendMoneyViewController.m in Sources */,
				86FC499414FDCAE80079C921 /* HermesRequestMoneyViewController.m in Sources */,
				86FC499714FDCB300079C921 /* HermesLocalDealsViewController.m in Sources */,
				8611AA9314FE0C36009184D7 /* SigninViewController.m in Sources */,
				3C38161915019FD500145C2D /* SignUpViewController.m in Sources */,
				3C742C731501FD800022F37B /* SimpleMoney.xcdatamodeld in Sources */,
				3C742D2115020D000022F37B /* User.m in Sources */,
				3C17F5F3150302D0001B7838 /* PendingTransactionsViewController.m in Sources */,
				3C17F5FA15030654001B7838 /* Bill.m in Sources */,
			);
			runOnlyForDeploymentPostprocessing = 0;
		};
		86FC495914FD8CA90079C921 /* Sources */ = {
			isa = PBXSourcesBuildPhase;
			buildActionMask = 2147483647;
			files = (
				86FC496D14FD8CA90079C921 /* Hermes2Tests.m in Sources */,
			);
			runOnlyForDeploymentPostprocessing = 0;
		};
/* End PBXSourcesBuildPhase section */

/* Begin PBXTargetDependency section */
		3C742C611501F45D0022F37B /* PBXTargetDependency */ = {
			isa = PBXTargetDependency;
			name = RestKit;
			targetProxy = 3C742C601501F45D0022F37B /* PBXContainerItemProxy */;
		};
		86FC496414FD8CA90079C921 /* PBXTargetDependency */ = {
			isa = PBXTargetDependency;
			target = 86FC493914FD8CA90079C921 /* Hermes2 */;
			targetProxy = 86FC496314FD8CA90079C921 /* PBXContainerItemProxy */;
		};
/* End PBXTargetDependency section */

/* Begin PBXVariantGroup section */
		86FC494714FD8CA90079C921 /* InfoPlist.strings */ = {
			isa = PBXVariantGroup;
			children = (
				86FC494814FD8CA90079C921 /* en */,
			);
			name = InfoPlist.strings;
			sourceTree = "<group>";
		};
		86FC495014FD8CA90079C921 /* MainStoryboard_iPhone.storyboard */ = {
			isa = PBXVariantGroup;
			children = (
				86FC495114FD8CA90079C921 /* en */,
			);
			name = MainStoryboard_iPhone.storyboard;
			sourceTree = "<group>";
		};
		86FC495314FD8CA90079C921 /* MainStoryboard_iPad.storyboard */ = {
			isa = PBXVariantGroup;
			children = (
				86FC495414FD8CA90079C921 /* en */,
			);
			name = MainStoryboard_iPad.storyboard;
			sourceTree = "<group>";
		};
		86FC496814FD8CA90079C921 /* InfoPlist.strings */ = {
			isa = PBXVariantGroup;
			children = (
				86FC496914FD8CA90079C921 /* en */,
			);
			name = InfoPlist.strings;
			sourceTree = "<group>";
		};
/* End PBXVariantGroup section */

/* Begin XCBuildConfiguration section */
		86FC496E14FD8CA90079C921 /* Debug */ = {
			isa = XCBuildConfiguration;
			buildSettings = {
				ALWAYS_SEARCH_USER_PATHS = NO;
				ARCHS = "$(ARCHS_STANDARD_32_BIT)";
				CLANG_ENABLE_OBJC_ARC = YES;
				"CODE_SIGN_IDENTITY[sdk=iphoneos*]" = "iPhone Developer";
				COPY_PHASE_STRIP = NO;
				GCC_C_LANGUAGE_STANDARD = gnu99;
				GCC_DYNAMIC_NO_PIC = NO;
				GCC_OPTIMIZATION_LEVEL = 0;
				GCC_PREPROCESSOR_DEFINITIONS = (
					"DEBUG=1",
					"$(inherited)",
				);
				GCC_SYMBOLS_PRIVATE_EXTERN = NO;
				GCC_VERSION = com.apple.compilers.llvm.clang.1_0;
				GCC_WARN_ABOUT_RETURN_TYPE = YES;
				GCC_WARN_UNINITIALIZED_AUTOS = YES;
				GCC_WARN_UNUSED_VARIABLE = YES;
				IPHONEOS_DEPLOYMENT_TARGET = 5.0;
				SDKROOT = iphoneos;
				TARGETED_DEVICE_FAMILY = "1,2";
			};
			name = Debug;
		};
		86FC496F14FD8CA90079C921 /* Release */ = {
			isa = XCBuildConfiguration;
			buildSettings = {
				ALWAYS_SEARCH_USER_PATHS = NO;
				ARCHS = "$(ARCHS_STANDARD_32_BIT)";
				CLANG_ENABLE_OBJC_ARC = YES;
				"CODE_SIGN_IDENTITY[sdk=iphoneos*]" = "iPhone Developer";
				COPY_PHASE_STRIP = YES;
				GCC_C_LANGUAGE_STANDARD = gnu99;
				GCC_VERSION = com.apple.compilers.llvm.clang.1_0;
				GCC_WARN_ABOUT_RETURN_TYPE = YES;
				GCC_WARN_UNINITIALIZED_AUTOS = YES;
				GCC_WARN_UNUSED_VARIABLE = YES;
				IPHONEOS_DEPLOYMENT_TARGET = 5.0;
				OTHER_CFLAGS = "-DNS_BLOCK_ASSERTIONS=1";
				SDKROOT = iphoneos;
				TARGETED_DEVICE_FAMILY = "1,2";
				VALIDATE_PRODUCT = YES;
			};
			name = Release;
		};
		86FC497114FD8CA90079C921 /* Debug */ = {
			isa = XCBuildConfiguration;
			buildSettings = {
				GCC_PRECOMPILE_PREFIX_HEADER = YES;
				GCC_PREFIX_HEADER = "Hermes2/Hermes2-Prefix.pch";
				HEADER_SEARCH_PATHS = "\"$(SOURCE_ROOT)/RestKit/Build\"/**";
				"HEADER_SEARCH_PATHS[arch=*]" = "\"$(SOURCE_ROOT)/RestKit/Build\"";
				INFOPLIST_FILE = "Hermes2/Hermes2-Info.plist";
				IPHONEOS_DEPLOYMENT_TARGET = 5.0;
				LIBRARY_SEARCH_PATHS = (
					"$(inherited)",
					"\"$(SRCROOT)/ZBarSDK\"",
				);
				"OTHER_LDFLAGS[arch=*]" = (
					"-ObjC",
					"-all_load",
				);
				PRODUCT_NAME = "$(TARGET_NAME)";
				SECTORDER_FLAGS = (
					"-ObjC",
					"-all_loa",
				);
				WRAPPER_EXTENSION = app;
			};
			name = Debug;
		};
		86FC497214FD8CA90079C921 /* Release */ = {
			isa = XCBuildConfiguration;
			buildSettings = {
				GCC_PRECOMPILE_PREFIX_HEADER = YES;
				GCC_PREFIX_HEADER = "Hermes2/Hermes2-Prefix.pch";
				HEADER_SEARCH_PATHS = "\"$(SOURCE_ROOT)/RestKit/Build\"/**";
				"HEADER_SEARCH_PATHS[arch=*]" = "\"$(SOURCE_ROOT)/RestKit/Build\"";
				INFOPLIST_FILE = "Hermes2/Hermes2-Info.plist";
				IPHONEOS_DEPLOYMENT_TARGET = 5.0;
				LIBRARY_SEARCH_PATHS = (
					"$(inherited)",
					"\"$(SRCROOT)/ZBarSDK\"",
				);
				"OTHER_LDFLAGS[arch=*]" = (
					"-ObjC",
					"-all_load",
				);
				PRODUCT_NAME = "$(TARGET_NAME)";
				SECTORDER_FLAGS = (
					"-ObjC",
					"-all_loa",
				);
				WRAPPER_EXTENSION = app;
			};
			name = Release;
		};
		86FC497414FD8CA90079C921 /* Debug */ = {
			isa = XCBuildConfiguration;
			buildSettings = {
				BUNDLE_LOADER = "$(BUILT_PRODUCTS_DIR)/Hermes2.app/Hermes2";
				FRAMEWORK_SEARCH_PATHS = (
					"$(SDKROOT)/Developer/Library/Frameworks",
					"$(DEVELOPER_LIBRARY_DIR)/Frameworks",
				);
				GCC_PRECOMPILE_PREFIX_HEADER = YES;
				GCC_PREFIX_HEADER = "Hermes2/Hermes2-Prefix.pch";
				INFOPLIST_FILE = "Hermes2Tests/Hermes2Tests-Info.plist";
				PRODUCT_NAME = "$(TARGET_NAME)";
				TEST_HOST = "$(BUNDLE_LOADER)";
				WRAPPER_EXTENSION = octest;
			};
			name = Debug;
		};
		86FC497514FD8CA90079C921 /* Release */ = {
			isa = XCBuildConfiguration;
			buildSettings = {
				BUNDLE_LOADER = "$(BUILT_PRODUCTS_DIR)/Hermes2.app/Hermes2";
				FRAMEWORK_SEARCH_PATHS = (
					"$(SDKROOT)/Developer/Library/Frameworks",
					"$(DEVELOPER_LIBRARY_DIR)/Frameworks",
				);
				GCC_PRECOMPILE_PREFIX_HEADER = YES;
				GCC_PREFIX_HEADER = "Hermes2/Hermes2-Prefix.pch";
				INFOPLIST_FILE = "Hermes2Tests/Hermes2Tests-Info.plist";
				PRODUCT_NAME = "$(TARGET_NAME)";
				TEST_HOST = "$(BUNDLE_LOADER)";
				WRAPPER_EXTENSION = octest;
			};
			name = Release;
		};
/* End XCBuildConfiguration section */

/* Begin XCConfigurationList section */
		86FC493414FD8CA90079C921 /* Build configuration list for PBXProject "Hermes2" */ = {
			isa = XCConfigurationList;
			buildConfigurations = (
				86FC496E14FD8CA90079C921 /* Debug */,
				86FC496F14FD8CA90079C921 /* Release */,
			);
			defaultConfigurationIsVisible = 0;
			defaultConfigurationName = Release;
		};
		86FC497014FD8CA90079C921 /* Build configuration list for PBXNativeTarget "Hermes2" */ = {
			isa = XCConfigurationList;
			buildConfigurations = (
				86FC497114FD8CA90079C921 /* Debug */,
				86FC497214FD8CA90079C921 /* Release */,
			);
			defaultConfigurationIsVisible = 0;
			defaultConfigurationName = Release;
		};
		86FC497314FD8CA90079C921 /* Build configuration list for PBXNativeTarget "Hermes2Tests" */ = {
			isa = XCConfigurationList;
			buildConfigurations = (
				86FC497414FD8CA90079C921 /* Debug */,
				86FC497514FD8CA90079C921 /* Release */,
			);
			defaultConfigurationIsVisible = 0;
			defaultConfigurationName = Release;
		};
/* End XCConfigurationList section */

/* Begin XCVersionGroup section */
		3C742C711501FD800022F37B /* SimpleMoney.xcdatamodeld */ = {
			isa = XCVersionGroup;
			children = (
				3C742C721501FD800022F37B /* SimpleMoney.xcdatamodel */,
			);
			currentVersion = 3C742C721501FD800022F37B /* SimpleMoney.xcdatamodel */;
			path = SimpleMoney.xcdatamodeld;
			sourceTree = "<group>";
			versionGroupType = wrapper.xcdatamodel;
		};
/* End XCVersionGroup section */
	};
	rootObject = 86FC493114FD8CA90079C921 /* Project object */;
}
